
Microsoft Visual Studio Solution File, Format Version 12.00
# Visual Studio Version 17
VisualStudioVersion = 17.2.32602.215
MinimumVisualStudioVersion = 10.0.40219.1
Project("{FAE04EC0-301F-11D3-BF4B-00C04F79EFBC}") = "T01. Reverse a String", "T01. Reverse a String\T01. Reverse a String.csproj", "{A25B9470-BCDD-4611-ABF9-BA67D689C9EE}"
EndProject
Project("{FAE04EC0-301F-11D3-BF4B-00C04F79EFBC}") = "T02. Stack Sum", "T02. Stack Sum\T02. Stack Sum.csproj", "{393B2E55-4C4D-43A6-A268-F02AAC205EEF}"
EndProject
Project("{FAE04EC0-301F-11D3-BF4B-00C04F79EFBC}") = "T03. Simple Calculator", "T03. Simple Calculator\T03. Simple Calculator.csproj", "{6F352414-45DF-4EAF-A016-F3451ED15B69}"
EndProject
Project("{FAE04EC0-301F-11D3-BF4B-00C04F79EFBC}") = "T04. Matching Brackets", "T04. Matching Brackets\T04. Matching Brackets.csproj", "{1A9C714A-CAE2-4BCF-B66A-78DAB35BCC7C}"
EndProject
Project("{FAE04EC0-301F-11D3-BF4B-00C04F79EFBC}") = "T05. Print Even Numbers", "T05. Print Even Numbers\T05. Print Even Numbers.csproj", "{F677D3E9-2A58-4642-A68D-727ECEF4D25A}"
EndProject
Project("{FAE04EC0-301F-11D3-BF4B-00C04F79EFBC}") = "T07. Hot Potato", "T07. Hot Potato\T07. Hot Potato.csproj", "{EB3D41D5-06E2-4A67-9C98-3C68E0C476A1}"
EndProject
Project("{FAE04EC0-301F-11D3-BF4B-00C04F79EFBC}") = "T06. Supermarket", "T06. Supermarket\T06. Supermarket.csproj", "{58A1A4B5-81FE-4F86-BE0C-B466A47BAF8B}"
EndProject
Project("{FAE04EC0-301F-11D3-BF4B-00C04F79EFBC}") = "T08. Traffic Jam", "T08. Traffic Jam\T08. Traffic Jam.csproj", "{D8B75FAE-1758-4ED8-8103-F7FA4C3D2D80}"
EndProject
Global
	GlobalSection(SolutionConfigurationPlatforms) = preSolution
		Debug|Any CPU = Debug|Any CPU
		Release|Any CPU = Release|Any CPU
	EndGlobalSection
	GlobalSection(ProjectConfigurationPlatforms) = postSolution
		{A25B9470-BCDD-4611-ABF9-BA67D689C9EE}.Debug|Any CPU.ActiveCfg = Debug|Any CPU
		{A25B9470-BCDD-4611-ABF9-BA67D689C9EE}.Debug|Any CPU.Build.0 = Debug|Any CPU
		{A25B9470-BCDD-4611-ABF9-BA67D689C9EE}.Release|Any CPU.ActiveCfg = Release|Any CPU
		{A25B9470-BCDD-4611-ABF9-BA67D689C9EE}.Release|Any CPU.Build.0 = Release|Any CPU
		{393B2E55-4C4D-43A6-A268-F02AAC205EEF}.Debug|Any CPU.ActiveCfg = Debug|Any CPU
		{393B2E55-4C4D-43A6-A268-F02AAC205EEF}.Debug|Any CPU.Build.0 = Debug|Any CPU
		{393B2E55-4C4D-43A6-A268-F02AAC205EEF}.Release|Any CPU.ActiveCfg = Release|Any CPU
		{393B2E55-4C4D-43A6-A268-F02AAC205EEF}.Release|Any CPU.Build.0 = Release|Any CPU
		{6F352414-45DF-4EAF-A016-F3451ED15B69}.Debug|Any CPU.ActiveCfg = Debug|Any CPU
		{6F352414-45DF-4EAF-A016-F3451ED15B69}.Debug|Any CPU.Build.0 = Debug|Any CPU
		{6F352414-45DF-4EAF-A016-F3451ED15B69}.Release|Any CPU.ActiveCfg = Release|Any CPU
		{6F352414-45DF-4EAF-A016-F3451ED15B69}.Release|Any CPU.Build.0 = Release|Any CPU
		{1A9C714A-CAE2-4BCF-B66A-78DAB35BCC7C}.Debug|Any CPU.ActiveCfg = Debug|Any CPU
		{1A9C714A-CAE2-4BCF-B66A-78DAB35BCC7C}.Debug|Any CPU.Build.0 = Debug|Any CPU
		{1A9C714A-CAE2-4BCF-B66A-78DAB35BCC7C}.Release|Any CPU.ActiveCfg = Release|Any CPU
		{1A9C714A-CAE2-4BCF-B66A-78DAB35BCC7C}.Release|Any CPU.Build.0 = Release|Any CPU
		{F677D3E9-2A58-4642-A68D-727ECEF4D25A}.Debug|Any CPU.ActiveCfg = Debug|Any CPU
		{F677D3E9-2A58-4642-A68D-727ECEF4D25A}.Debug|Any CPU.Build.0 = Debug|Any CPU
		{F677D3E9-2A58-4642-A68D-727ECEF4D25A}.Release|Any CPU.ActiveCfg = Release|Any CPU
		{F677D3E9-2A58-4642-A68D-727ECEF4D25A}.Release|Any CPU.Build.0 = Release|Any CPU
		{EB3D41D5-06E2-4A67-9C98-3C68E0C476A1}.Debug|Any CPU.ActiveCfg = Debug|Any CPU
		{EB3D41D5-06E2-4A67-9C98-3C68E0C476A1}.Debug|Any CPU.Build.0 = Debug|Any CPU
		{EB3D41D5-06E2-4A67-9C98-3C68E0C476A1}.Release|Any CPU.ActiveCfg = Release|Any CPU
		{EB3D41D5-06E2-4A67-9C98-3C68E0C476A1}.Release|Any CPU.Build.0 = Release|Any CPU
		{58A1A4B5-81FE-4F86-BE0C-B466A47BAF8B}.Debug|Any CPU.ActiveCfg = Debug|Any CPU
		{58A1A4B5-81FE-4F86-BE0C-B466A47BAF8B}.Debug|Any CPU.Build.0 = Debug|Any CPU
		{58A1A4B5-81FE-4F86-BE0C-B466A47BAF8B}.Release|Any CPU.ActiveCfg = Release|Any CPU
		{58A1A4B5-81FE-4F86-BE0C-B466A47BAF8B}.Release|Any CPU.Build.0 = Release|Any CPU
		{D8B75FAE-1758-4ED8-8103-F7FA4C3D2D80}.Debug|Any CPU.ActiveCfg = Debug|Any CPU
		{D8B75FAE-1758-4ED8-8103-F7FA4C3D2D80}.Debug|Any CPU.Build.0 = Debug|Any CPU
		{D8B75FAE-1758-4ED8-8103-F7FA4C3D2D80}.Release|Any CPU.ActiveCfg = Release|Any CPU
		{D8B75FAE-1758-4ED8-8103-F7FA4C3D2D80}.Release|Any CPU.Build.0 = Release|Any CPU
	EndGlobalSection
	GlobalSection(SolutionProperties) = preSolution
		HideSolutionNode = FALSE
	EndGlobalSection
	GlobalSection(ExtensibilityGlobals) = postSolution
		SolutionGuid = {CAB37288-7349-4C39-BB28-F2B11D8D15E9}
	EndGlobalSection
EndGlobal
